{
    "_readme": [
        "This file locks the dependencies of your project to a known state",
        "Read more about it at https://getcomposer.org/doc/01-basic-usage.md#composer-lock-the-lock-file",
        "This file is @generated automatically"
    ],
    "hash": "332e90698950ab3dd2e375b1f124cb2c",
    "content-hash": "d8d3733c39a59e2ac05dd7cdb11bdc94",
    "packages": [
        {
            "name": "carlbennett/php-mvc",
            "version": "2.2.1",
            "source": {
                "type": "git",
                "url": "https://github.com/carlbennett/php-mvc.git",
                "reference": "d0d67aee0ef14791edfae342357201fbfa7502a0"
            },
            "dist": {
                "type": "zip",
                "url": "https://api.github.com/repos/carlbennett/php-mvc/zipball/d0d67aee0ef14791edfae342357201fbfa7502a0",
                "reference": "d0d67aee0ef14791edfae342357201fbfa7502a0",
                "shasum": ""
            },
            "require": {
                "ext-curl": "*",
                "ext-http": "*",
                "ext-json": "*",
                "ext-mbstring": "*",
                "ext-mcrypt": "*",
                "ext-memcached": "*",
                "ext-pdo": "*",
                "php-64bit": ">=5.5.0"
            },
            "suggest": {
                "ext-geoip": "*",
                "ext-gmp": "*"
            },
            "type": "library",
            "autoload": {
                "psr-4": {
                    "CarlBennett\\MVC\\Libraries\\": "src/libraries"
                }
            },
            "license": [
                "AGPL-3.0"
            ],
            "authors": [
                {
                    "name": "Carl Bennett",
                    "email": "carl@carlbennett.me"
                }
            ],
            "description": "A PHP micro-framework for use as a frontend and/or backend",
            "homepage": "https://github.com/carlbennett/php-mvc",
            "keywords": [
                "api",
                "backend",
                "cms",
                "content",
                "frontend",
                "management",
                "mvc",
                "php",
                "rest",
                "restful",
                "system"
            ],
            "support": {
                "source": "https://github.com/carlbennett/php-mvc/tree/2.2.1",
                "issues": "https://github.com/carlbennett/php-mvc/issues"
            },
            "time": "2016-11-23 19:32:37"
        }
    ],
    "packages-dev": [],
    "aliases": [],
    "minimum-stability": "stable",
    "stability-flags": [],
    "prefer-stable": false,
    "prefer-lowest": false,
    "platform": {
        "ext-curl": "*",
        "ext-geoip": "*",
        "ext-gmp": "*",
        "ext-http": "*",
        "ext-json": "*",
        "ext-mbstring": "*",
        "ext-mcrypt": "*",
        "ext-memcached": "*",
        "ext-pdo": "*",
        "php-64bit": ">=5.5.0"
    },
    "platform-dev": []
}
